
Microsoft Visual Studio Solution File, Format Version 12.00
# Visual Studio Version 17
VisualStudioVersion = 17.14.36414.22 d17.14
MinimumVisualStudioVersion = 10.0.40219.1
Project("{FAE04EC0-301F-11D3-BF4B-00C04F79EFBC}") = "EjemploTecnologiasLegacy.Model", "EjemploTecnologiasLegacy.Model\EjemploTecnologiasLegacy.Model.csproj", "{E0279DED-C233-4C7B-B702-B2BE6995A2D2}"
EndProject
Project("{FAE04EC0-301F-11D3-BF4B-00C04F79EFBC}") = "EjemploTecnologiasLegacy.BL", "EjemploTecnologiasLegacy.BL\EjemploTecnologiasLegacy.BL.csproj", "{349C290B-4D56-4027-8910-3D5ACAD210E8}"
EndProject
Project("{FAE04EC0-301F-11D3-BF4B-00C04F79EFBC}") = "EjemploTecnologiasLegacy.SI.WCF", "EjemploTecnologiasLegacy.SI.WCF\EjemploTecnologiasLegacy.SI.WCF.csproj", "{A6A37A1C-F58E-4EEF-A0CB-1044AA46AFC6}"
EndProject
Project("{FAE04EC0-301F-11D3-BF4B-00C04F79EFBC}") = "EjemploTecnologiasLegacy.SI.WebService", "EjemploTecnologiasLegacy.SI.WebService\EjemploTecnologiasLegacy.SI.WebService.csproj", "{685903DC-577A-4679-85ED-66EC49F7377C}"
EndProject
Project("{FAE04EC0-301F-11D3-BF4B-00C04F79EFBC}") = "EjemploTecnologiasLegacy.UI", "EjemploTecnologiasLegacy.UI\EjemploTecnologiasLegacy.UI.csproj", "{940BD045-6BC4-475D-81EC-6D9623A00B80}"
	ProjectSection(ProjectDependencies) = postProject
		{A6A37A1C-F58E-4EEF-A0CB-1044AA46AFC6} = {A6A37A1C-F58E-4EEF-A0CB-1044AA46AFC6}
	EndProjectSection
EndProject
Global
	GlobalSection(SolutionConfigurationPlatforms) = preSolution
		Debug|Any CPU = Debug|Any CPU
		Release|Any CPU = Release|Any CPU
	EndGlobalSection
	GlobalSection(ProjectConfigurationPlatforms) = postSolution
		{E0279DED-C233-4C7B-B702-B2BE6995A2D2}.Debug|Any CPU.ActiveCfg = Debug|Any CPU
		{E0279DED-C233-4C7B-B702-B2BE6995A2D2}.Debug|Any CPU.Build.0 = Debug|Any CPU
		{E0279DED-C233-4C7B-B702-B2BE6995A2D2}.Release|Any CPU.ActiveCfg = Release|Any CPU
		{E0279DED-C233-4C7B-B702-B2BE6995A2D2}.Release|Any CPU.Build.0 = Release|Any CPU
		{349C290B-4D56-4027-8910-3D5ACAD210E8}.Debug|Any CPU.ActiveCfg = Debug|Any CPU
		{349C290B-4D56-4027-8910-3D5ACAD210E8}.Debug|Any CPU.Build.0 = Debug|Any CPU
		{349C290B-4D56-4027-8910-3D5ACAD210E8}.Release|Any CPU.ActiveCfg = Release|Any CPU
		{349C290B-4D56-4027-8910-3D5ACAD210E8}.Release|Any CPU.Build.0 = Release|Any CPU
		{A6A37A1C-F58E-4EEF-A0CB-1044AA46AFC6}.Debug|Any CPU.ActiveCfg = Debug|Any CPU
		{A6A37A1C-F58E-4EEF-A0CB-1044AA46AFC6}.Debug|Any CPU.Build.0 = Debug|Any CPU
		{A6A37A1C-F58E-4EEF-A0CB-1044AA46AFC6}.Release|Any CPU.ActiveCfg = Release|Any CPU
		{A6A37A1C-F58E-4EEF-A0CB-1044AA46AFC6}.Release|Any CPU.Build.0 = Release|Any CPU
		{685903DC-577A-4679-85ED-66EC49F7377C}.Debug|Any CPU.ActiveCfg = Debug|Any CPU
		{685903DC-577A-4679-85ED-66EC49F7377C}.Debug|Any CPU.Build.0 = Debug|Any CPU
		{685903DC-577A-4679-85ED-66EC49F7377C}.Release|Any CPU.ActiveCfg = Release|Any CPU
		{685903DC-577A-4679-85ED-66EC49F7377C}.Release|Any CPU.Build.0 = Release|Any CPU
		{940BD045-6BC4-475D-81EC-6D9623A00B80}.Debug|Any CPU.ActiveCfg = Debug|Any CPU
		{940BD045-6BC4-475D-81EC-6D9623A00B80}.Debug|Any CPU.Build.0 = Debug|Any CPU
		{940BD045-6BC4-475D-81EC-6D9623A00B80}.Release|Any CPU.ActiveCfg = Release|Any CPU
		{940BD045-6BC4-475D-81EC-6D9623A00B80}.Release|Any CPU.Build.0 = Release|Any CPU
	EndGlobalSection
	GlobalSection(SolutionProperties) = preSolution
		HideSolutionNode = FALSE
	EndGlobalSection
	GlobalSection(ExtensibilityGlobals) = postSolution
		SolutionGuid = {B135C7E6-6F23-42CD-AB2E-FD2F4402681B}
	EndGlobalSection
EndGlobal
