
Microsoft Visual Studio Solution File, Format Version 12.00
# Visual Studio Version 17
VisualStudioVersion = 17.9.34728.123
MinimumVisualStudioVersion = 10.0.40219.1
Project("{D2ABAB84-BF74-430A-B69E-9DC6D40DDA17}") = "PDC-PROYECTO", "DIM-PROYECTO\PDC-PROYECTO.dwproj", "{8041F36B-6C68-46DC-8A55-9D4104EABA2F}"
EndProject
Global
	GlobalSection(SolutionConfigurationPlatforms) = preSolution
		Development|Default = Development|Default
	EndGlobalSection
	GlobalSection(ProjectConfigurationPlatforms) = postSolution
		{8041F36B-6C68-46DC-8A55-9D4104EABA2F}.Development|Default.ActiveCfg = Development
		{8041F36B-6C68-46DC-8A55-9D4104EABA2F}.Development|Default.Build.0 = Development
		{8041F36B-6C68-46DC-8A55-9D4104EABA2F}.Development|Default.Deploy.0 = Development
	EndGlobalSection
	GlobalSection(SolutionProperties) = preSolution
		HideSolutionNode = FALSE
	EndGlobalSection
	GlobalSection(ExtensibilityGlobals) = postSolution
		SolutionGuid = {CC9A72A6-F28E-46DA-BE27-ADCCC855AD29}
	EndGlobalSection
EndGlobal
